// !$*UTF8*$!
{
	archiveVersion = 1;
	classes = {
	};
	objectVersion = 50;
	objects = {

/* Begin PBXBuildFile section */
		0F8D40A827349924B0DD02C0 /* Pods_ScanBook.framework in Frameworks */ = {isa = PBXBuildFile; fileRef = 127DE408B5E2A30B13B6A23A /* Pods_ScanBook.framework */; };
		BD20D73A20EC5023000E36BF /* MainViewController.m in Sources */ = {isa = PBXBuildFile; fileRef = BD20D73920EC5023000E36BF /* MainViewController.m */; };
		BD20D74020EC5316000E36BF /* RootNavigationController.m in Sources */ = {isa = PBXBuildFile; fileRef = BD20D73F20EC5316000E36BF /* RootNavigationController.m */; };
		BD20D74320EC542A000E36BF /* ScanBookViewController.m in Sources */ = {isa = PBXBuildFile; fileRef = BD20D74220EC542A000E36BF /* ScanBookViewController.m */; };
		BD20D74820EC570E000E36BF /* LeftViewController.m in Sources */ = {isa = PBXBuildFile; fileRef = BD20D74720EC570E000E36BF /* LeftViewController.m */; };
		BD20D74B20EC571B000E36BF /* RightViewController.m in Sources */ = {isa = PBXBuildFile; fileRef = BD20D74A20EC571B000E36BF /* RightViewController.m */; };
		BD20D75A20ECA991000E36BF /* UIColor+Utility.m in Sources */ = {isa = PBXBuildFile; fileRef = BD20D75920ECA991000E36BF /* UIColor+Utility.m */; };
		BD20D75F20ECB7EF000E36BF /* UIImage+Utility.m in Sources */ = {isa = PBXBuildFile; fileRef = BD20D75E20ECB7EF000E36BF /* UIImage+Utility.m */; };
		BD20D76320ECBC3F000E36BF /* ScannerViewController.m in Sources */ = {isa = PBXBuildFile; fileRef = BD20D76220ECBC3F000E36BF /* ScannerViewController.m */; };
		BD5BBC6E20EE0BA600BCD973 /* MainNavigationController.m in Sources */ = {isa = PBXBuildFile; fileRef = BD5BBC6D20EE0BA600BCD973 /* MainNavigationController.m */; };
		BD5BCA9720F0A5F600FEC7FB /* BannerViewController.m in Sources */ = {isa = PBXBuildFile; fileRef = BD5BCA9620F0A5F600FEC7FB /* BannerViewController.m */; };
		BD5BCAA020F0ABB000FEC7FB /* Utility.m in Sources */ = {isa = PBXBuildFile; fileRef = BD5BCA9F20F0ABB000FEC7FB /* Utility.m */; };
		BD70F9C120F861F200CC7B1B /* ScanImagePickerController.m in Sources */ = {isa = PBXBuildFile; fileRef = BD70F9C020F861F200CC7B1B /* ScanImagePickerController.m */; };
		BD70FA3E20F8859F00CC7B1B /* notebook_cover_11@2x.png in Resources */ = {isa = PBXBuildFile; fileRef = BD70FA3120F8859E00CC7B1B /* notebook_cover_11@2x.png */; };
		BD70FA3F20F8859F00CC7B1B /* notebook_cover_2@2x.png in Resources */ = {isa = PBXBuildFile; fileRef = BD70FA3220F8859E00CC7B1B /* notebook_cover_2@2x.png */; };
		BD70FA4020F8859F00CC7B1B /* notebook_cover_1@2x.png in Resources */ = {isa = PBXBuildFile; fileRef = BD70FA3320F8859E00CC7B1B /* notebook_cover_1@2x.png */; };
		BD70FA4120F8859F00CC7B1B /* notebook_cover_6@2x.png in Resources */ = {isa = PBXBuildFile; fileRef = BD70FA3420F8859E00CC7B1B /* notebook_cover_6@2x.png */; };
		BD70FA4220F8859F00CC7B1B /* notebook_cover_3@2x.png in Resources */ = {isa = PBXBuildFile; fileRef = BD70FA3520F8859E00CC7B1B /* notebook_cover_3@2x.png */; };
		BD70FA4320F8859F00CC7B1B /* notebook_cover_12@2x.png in Resources */ = {isa = PBXBuildFile; fileRef = BD70FA3620F8859E00CC7B1B /* notebook_cover_12@2x.png */; };
		BD70FA4420F8859F00CC7B1B /* notebook_cover_9@2x.png in Resources */ = {isa = PBXBuildFile; fileRef = BD70FA3720F8859E00CC7B1B /* notebook_cover_9@2x.png */; };
		BD70FA4520F8859F00CC7B1B /* notebook_cover_0@2x.png in Resources */ = {isa = PBXBuildFile; fileRef = BD70FA3820F8859E00CC7B1B /* notebook_cover_0@2x.png */; };
		BD70FA4620F8859F00CC7B1B /* notebook_cover_8@2x.png in Resources */ = {isa = PBXBuildFile; fileRef = BD70FA3920F8859E00CC7B1B /* notebook_cover_8@2x.png */; };
		BD70FA4720F8859F00CC7B1B /* notebook_cover_5@2x.png in Resources */ = {isa = PBXBuildFile; fileRef = BD70FA3A20F8859F00CC7B1B /* notebook_cover_5@2x.png */; };
		BD70FA4820F8859F00CC7B1B /* notebook_cover_4@2x.png in Resources */ = {isa = PBXBuildFile; fileRef = BD70FA3B20F8859F00CC7B1B /* notebook_cover_4@2x.png */; };
		BD70FA4920F8859F00CC7B1B /* notebook_cover_10@2x.png in Resources */ = {isa = PBXBuildFile; fileRef = BD70FA3C20F8859F00CC7B1B /* notebook_cover_10@2x.png */; };
		BD70FA4A20F8859F00CC7B1B /* notebook_cover_7@2x.png in Resources */ = {isa = PBXBuildFile; fileRef = BD70FA3D20F8859F00CC7B1B /* notebook_cover_7@2x.png */; };
		BD70FAC520F89FFC00CC7B1B /* empty_book@2x.png in Resources */ = {isa = PBXBuildFile; fileRef = BD70FAA720F89FF300CC7B1B /* empty_book@2x.png */; };
		BD70FAC620F89FFC00CC7B1B /* empty_book_fill@2x.png in Resources */ = {isa = PBXBuildFile; fileRef = BD70FAA820F89FF300CC7B1B /* empty_book_fill@2x.png */; };
		BD70FAC720F89FFC00CC7B1B /* timer_2@2x.png in Resources */ = {isa = PBXBuildFile; fileRef = BD70FAA920F89FF400CC7B1B /* timer_2@2x.png */; };
		BD70FAC820F89FFC00CC7B1B /* undo_h@2x.png in Resources */ = {isa = PBXBuildFile; fileRef = BD70FAAA20F89FF400CC7B1B /* undo_h@2x.png */; };
		BD70FAC920F89FFC00CC7B1B /* scanner_fill@2x.png in Resources */ = {isa = PBXBuildFile; fileRef = BD70FAAB20F89FF400CC7B1B /* scanner_fill@2x.png */; };
		BD70FACA20F89FFC00CC7B1B /* screenshot_fill@2x.png in Resources */ = {isa = PBXBuildFile; fileRef = BD70FAAC20F89FF400CC7B1B /* screenshot_fill@2x.png */; };
		BD70FACB20F89FFC00CC7B1B /* timer_4_h@2x.png in Resources */ = {isa = PBXBuildFile; fileRef = BD70FAAD20F89FF400CC7B1B /* timer_4_h@2x.png */; };
		BD70FACC20F89FFC00CC7B1B /* timer_0_h@2x.png in Resources */ = {isa = PBXBuildFile; fileRef = BD70FAAE20F89FF400CC7B1B /* timer_0_h@2x.png */; };
		BD70FACD20F89FFC00CC7B1B /* timer_3@2x.png in Resources */ = {isa = PBXBuildFile; fileRef = BD70FAAF20F89FF400CC7B1B /* timer_3@2x.png */; };
		BD70FACE20F89FFC00CC7B1B /* checkmark_h@2x.png in Resources */ = {isa = PBXBuildFile; fileRef = BD70FAB020F89FF500CC7B1B /* checkmark_h@2x.png */; };
		BD70FACF20F89FFC00CC7B1B /* timer_4@2x.png in Resources */ = {isa = PBXBuildFile; fileRef = BD70FAB120F89FF500CC7B1B /* timer_4@2x.png */; };
		BD70FAD020F89FFC00CC7B1B /* timer_5_h@2x.png in Resources */ = {isa = PBXBuildFile; fileRef = BD70FAB220F89FF500CC7B1B /* timer_5_h@2x.png */; };
		BD70FAD120F89FFC00CC7B1B /* timer_5@2x.png in Resources */ = {isa = PBXBuildFile; fileRef = BD70FAB320F89FF500CC7B1B /* timer_5@2x.png */; };
		BD70FAD220F89FFC00CC7B1B /* timer_1_h@2x.png in Resources */ = {isa = PBXBuildFile; fileRef = BD70FAB420F89FF500CC7B1B /* timer_1_h@2x.png */; };
		BD70FAD320F89FFC00CC7B1B /* pdf@2x.png in Resources */ = {isa = PBXBuildFile; fileRef = BD70FAB520F89FF600CC7B1B /* pdf@2x.png */; };
		BD70FAD420F89FFC00CC7B1B /* plus@2x.png in Resources */ = {isa = PBXBuildFile; fileRef = BD70FAB620F89FF600CC7B1B /* plus@2x.png */; };
		BD70FAD520F89FFC00CC7B1B /* menu@2x.png in Resources */ = {isa = PBXBuildFile; fileRef = BD70FAB720F89FF600CC7B1B /* menu@2x.png */; };
		BD70FAD620F89FFC00CC7B1B /* scanner@2x.png in Resources */ = {isa = PBXBuildFile; fileRef = BD70FAB820F89FF700CC7B1B /* scanner@2x.png */; };
		BD70FAD720F89FFC00CC7B1B /* timer_2_h@2x.png in Resources */ = {isa = PBXBuildFile; fileRef = BD70FAB920F89FF700CC7B1B /* timer_2_h@2x.png */; };
		BD70FAD820F89FFC00CC7B1B /* screenshot_fill_h@2x.png in Resources */ = {isa = PBXBuildFile; fileRef = BD70FABA20F89FF800CC7B1B /* screenshot_fill_h@2x.png */; };
		BD70FAD920F89FFC00CC7B1B /* check_circle_off@2x.png in Resources */ = {isa = PBXBuildFile; fileRef = BD70FABB20F89FF800CC7B1B /* check_circle_off@2x.png */; };
		BD70FADA20F89FFC00CC7B1B /* check_circle_on@2x.png in Resources */ = {isa = PBXBuildFile; fileRef = BD70FABC20F89FF800CC7B1B /* check_circle_on@2x.png */; };
		BD70FADB20F89FFC00CC7B1B /* timer_0@2x.png in Resources */ = {isa = PBXBuildFile; fileRef = BD70FABD20F89FF900CC7B1B /* timer_0@2x.png */; };
		BD70FADC20F89FFC00CC7B1B /* checkmark@2x.png in Resources */ = {isa = PBXBuildFile; fileRef = BD70FABE20F89FF900CC7B1B /* checkmark@2x.png */; };
		BD70FADD20F89FFC00CC7B1B /* back@2x.png in Resources */ = {isa = PBXBuildFile; fileRef = BD70FABF20F89FF900CC7B1B /* back@2x.png */; };
		BD70FADE20F89FFC00CC7B1B /* screenshot_h@2x.png in Resources */ = {isa = PBXBuildFile; fileRef = BD70FAC020F89FFA00CC7B1B /* screenshot_h@2x.png */; };
		BD70FADF20F89FFC00CC7B1B /* screenshot@2x.png in Resources */ = {isa = PBXBuildFile; fileRef = BD70FAC120F89FFA00CC7B1B /* screenshot@2x.png */; };
		BD70FAE020F89FFC00CC7B1B /* timer_1@2x.png in Resources */ = {isa = PBXBuildFile; fileRef = BD70FAC220F89FFB00CC7B1B /* timer_1@2x.png */; };
		BD70FAE120F89FFC00CC7B1B /* timer_3_h@2x.png in Resources */ = {isa = PBXBuildFile; fileRef = BD70FAC320F89FFB00CC7B1B /* timer_3_h@2x.png */; };
		BD70FAE220F89FFC00CC7B1B /* undo@2x.png in Resources */ = {isa = PBXBuildFile; fileRef = BD70FAC420F89FFB00CC7B1B /* undo@2x.png */; };
		BD70FAE420F8A0D200CC7B1B /* home@2x.png in Resources */ = {isa = PBXBuildFile; fileRef = BD70FAE320F8A0D100CC7B1B /* home@2x.png */; };
		BD7730E020F449FC00DAB1C4 /* BookCollectionViewCell.m in Sources */ = {isa = PBXBuildFile; fileRef = BD7730DE20F449FC00DAB1C4 /* BookCollectionViewCell.m */; };
		BD7730E120F449FC00DAB1C4 /* BookCollectionViewCell.xib in Resources */ = {isa = PBXBuildFile; fileRef = BD7730DF20F449FC00DAB1C4 /* BookCollectionViewCell.xib */; };
		BD7730E520F463A800DAB1C4 /* BookInfo.m in Sources */ = {isa = PBXBuildFile; fileRef = BD7730E420F463A800DAB1C4 /* BookInfo.m */; };
		BD7730EA20F47AA500DAB1C4 /* UIButtonEx.m in Sources */ = {isa = PBXBuildFile; fileRef = BD7730E920F47AA500DAB1C4 /* UIButtonEx.m */; };
		BD77310B20F4A2D800DAB1C4 /* CameraOverlayView.m in Sources */ = {isa = PBXBuildFile; fileRef = BD77310A20F4A2D800DAB1C4 /* CameraOverlayView.m */; };
		BD77310D20F4A2E400DAB1C4 /* CameraOverlayView.xib in Resources */ = {isa = PBXBuildFile; fileRef = BD77310C20F4A2E400DAB1C4 /* CameraOverlayView.xib */; };
		BDA4076A20EB696D00EC4791 /* ScanBookAppDelegate.m in Sources */ = {isa = PBXBuildFile; fileRef = BDA4076920EB696D00EC4791 /* ScanBookAppDelegate.m */; };
		BDA4077020EB696D00EC4791 /* Main.storyboard in Resources */ = {isa = PBXBuildFile; fileRef = BDA4076E20EB696D00EC4791 /* Main.storyboard */; };
		BDA4077220EB696E00EC4791 /* Assets.xcassets in Resources */ = {isa = PBXBuildFile; fileRef = BDA4077120EB696E00EC4791 /* Assets.xcassets */; };
		BDA4077520EB696E00EC4791 /* LaunchScreen.storyboard in Resources */ = {isa = PBXBuildFile; fileRef = BDA4077320EB696E00EC4791 /* LaunchScreen.storyboard */; };
		BDA4077820EB696E00EC4791 /* main.m in Sources */ = {isa = PBXBuildFile; fileRef = BDA4077720EB696E00EC4791 /* main.m */; };
		BDA4078420EB747700EC4791 /* TutorialViewController.m in Sources */ = {isa = PBXBuildFile; fileRef = BDA4078320EB747700EC4791 /* TutorialViewController.m */; };
/* End PBXBuildFile section */

/* Begin PBXFileReference section */
		127DE408B5E2A30B13B6A23A /* Pods_ScanBook.framework */ = {isa = PBXFileReference; explicitFileType = wrapper.framework; includeInIndex = 0; path = Pods_ScanBook.framework; sourceTree = BUILT_PRODUCTS_DIR; };
		37381EB5626586199313D97B /* Pods-ScanBook.debug.xcconfig */ = {isa = PBXFileReference; includeInIndex = 1; lastKnownFileType = text.xcconfig; name = "Pods-ScanBook.debug.xcconfig"; path = "Pods/Target Support Files/Pods-ScanBook/Pods-ScanBook.debug.xcconfig"; sourceTree = "<group>"; };
		8A0B189D4DDF414097916971 /* Pods-ScanBook.release.xcconfig */ = {isa = PBXFileReference; includeInIndex = 1; lastKnownFileType = text.xcconfig; name = "Pods-ScanBook.release.xcconfig"; path = "Pods/Target Support Files/Pods-ScanBook/Pods-ScanBook.release.xcconfig"; sourceTree = "<group>"; };
		BD20D73820EC5023000E36BF /* MainViewController.h */ = {isa = PBXFileReference; lastKnownFileType = sourcecode.c.h; path = MainViewController.h; sourceTree = "<group>"; };
		BD20D73920EC5023000E36BF /* MainViewController.m */ = {isa = PBXFileReference; lastKnownFileType = sourcecode.c.objc; path = MainViewController.m; sourceTree = "<group>"; };
		BD20D73E20EC5316000E36BF /* RootNavigationController.h */ = {isa = PBXFileReference; lastKnownFileType = sourcecode.c.h; path = RootNavigationController.h; sourceTree = "<group>"; };
		BD20D73F20EC5316000E36BF /* RootNavigationController.m */ = {isa = PBXFileReference; lastKnownFileType = sourcecode.c.objc; path = RootNavigationController.m; sourceTree = "<group>"; };
		BD20D74120EC542A000E36BF /* ScanBookViewController.h */ = {isa = PBXFileReference; lastKnownFileType = sourcecode.c.h; path = ScanBookViewController.h; sourceTree = "<group>"; };
		BD20D74220EC542A000E36BF /* ScanBookViewController.m */ = {isa = PBXFileReference; lastKnownFileType = sourcecode.c.objc; path = ScanBookViewController.m; sourceTree = "<group>"; };
		BD20D74620EC570E000E36BF /* LeftViewController.h */ = {isa = PBXFileReference; lastKnownFileType = sourcecode.c.h; path = LeftViewController.h; sourceTree = "<group>"; };
		BD20D74720EC570E000E36BF /* LeftViewController.m */ = {isa = PBXFileReference; lastKnownFileType = sourcecode.c.objc; path = LeftViewController.m; sourceTree = "<group>"; };
		BD20D74920EC571B000E36BF /* RightViewController.h */ = {isa = PBXFileReference; lastKnownFileType = sourcecode.c.h; path = RightViewController.h; sourceTree = "<group>"; };
		BD20D74A20EC571B000E36BF /* RightViewController.m */ = {isa = PBXFileReference; lastKnownFileType = sourcecode.c.objc; path = RightViewController.m; sourceTree = "<group>"; };
		BD20D75820ECA991000E36BF /* UIColor+Utility.h */ = {isa = PBXFileReference; lastKnownFileType = sourcecode.c.h; path = "UIColor+Utility.h"; sourceTree = "<group>"; };
		BD20D75920ECA991000E36BF /* UIColor+Utility.m */ = {isa = PBXFileReference; lastKnownFileType = sourcecode.c.objc; path = "UIColor+Utility.m"; sourceTree = "<group>"; };
		BD20D75D20ECB7EF000E36BF /* UIImage+Utility.h */ = {isa = PBXFileReference; lastKnownFileType = sourcecode.c.h; path = "UIImage+Utility.h"; sourceTree = "<group>"; };
		BD20D75E20ECB7EF000E36BF /* UIImage+Utility.m */ = {isa = PBXFileReference; lastKnownFileType = sourcecode.c.objc; path = "UIImage+Utility.m"; sourceTree = "<group>"; };
		BD20D76120ECBC3F000E36BF /* ScannerViewController.h */ = {isa = PBXFileReference; lastKnownFileType = sourcecode.c.h; path = ScannerViewController.h; sourceTree = "<group>"; };
		BD20D76220ECBC3F000E36BF /* ScannerViewController.m */ = {isa = PBXFileReference; lastKnownFileType = sourcecode.c.objc; path = ScannerViewController.m; sourceTree = "<group>"; };
		BD5BBC6C20EE0BA600BCD973 /* MainNavigationController.h */ = {isa = PBXFileReference; lastKnownFileType = sourcecode.c.h; path = MainNavigationController.h; sourceTree = "<group>"; };
		BD5BBC6D20EE0BA600BCD973 /* MainNavigationController.m */ = {isa = PBXFileReference; lastKnownFileType = sourcecode.c.objc; path = MainNavigationController.m; sourceTree = "<group>"; };
		BD5BCA9520F0A5F600FEC7FB /* BannerViewController.h */ = {isa = PBXFileReference; lastKnownFileType = sourcecode.c.h; path = BannerViewController.h; sourceTree = "<group>"; };
		BD5BCA9620F0A5F600FEC7FB /* BannerViewController.m */ = {isa = PBXFileReference; lastKnownFileType = sourcecode.c.objc; path = BannerViewController.m; sourceTree = "<group>"; };
		BD5BCA9E20F0ABB000FEC7FB /* Utility.h */ = {isa = PBXFileReference; lastKnownFileType = sourcecode.c.h; path = Utility.h; sourceTree = "<group>"; };
		BD5BCA9F20F0ABB000FEC7FB /* Utility.m */ = {isa = PBXFileReference; lastKnownFileType = sourcecode.c.objc; path = Utility.m; sourceTree = "<group>"; };
		BD70F9BF20F861F200CC7B1B /* ScanImagePickerController.h */ = {isa = PBXFileReference; lastKnownFileType = sourcecode.c.h; path = ScanImagePickerController.h; sourceTree = "<group>"; };
		BD70F9C020F861F200CC7B1B /* ScanImagePickerController.m */ = {isa = PBXFileReference; lastKnownFileType = sourcecode.c.objc; path = ScanImagePickerController.m; sourceTree = "<group>"; };
		BD70FA3120F8859E00CC7B1B /* notebook_cover_11@2x.png */ = {isa = PBXFileReference; lastKnownFileType = image.png; path = "notebook_cover_11@2x.png"; sourceTree = "<group>"; };
		BD70FA3220F8859E00CC7B1B /* notebook_cover_2@2x.png */ = {isa = PBXFileReference; lastKnownFileType = image.png; path = "notebook_cover_2@2x.png"; sourceTree = "<group>"; };
		BD70FA3320F8859E00CC7B1B /* notebook_cover_1@2x.png */ = {isa = PBXFileReference; lastKnownFileType = image.png; path = "notebook_cover_1@2x.png"; sourceTree = "<group>"; };
		BD70FA3420F8859E00CC7B1B /* notebook_cover_6@2x.png */ = {isa = PBXFileReference; lastKnownFileType = image.png; path = "notebook_cover_6@2x.png"; sourceTree = "<group>"; };
		BD70FA3520F8859E00CC7B1B /* notebook_cover_3@2x.png */ = {isa = PBXFileReference; lastKnownFileType = image.png; path = "notebook_cover_3@2x.png"; sourceTree = "<group>"; };
		BD70FA3620F8859E00CC7B1B /* notebook_cover_12@2x.png */ = {isa = PBXFileReference; lastKnownFileType = image.png; path = "notebook_cover_12@2x.png"; sourceTree = "<group>"; };
		BD70FA3720F8859E00CC7B1B /* notebook_cover_9@2x.png */ = {isa = PBXFileReference; lastKnownFileType = image.png; path = "notebook_cover_9@2x.png"; sourceTree = "<group>"; };
		BD70FA3820F8859E00CC7B1B /* notebook_cover_0@2x.png */ = {isa = PBXFileReference; lastKnownFileType = image.png; path = "notebook_cover_0@2x.png"; sourceTree = "<group>"; };
		BD70FA3920F8859E00CC7B1B /* notebook_cover_8@2x.png */ = {isa = PBXFileReference; lastKnownFileType = image.png; path = "notebook_cover_8@2x.png"; sourceTree = "<group>"; };
		BD70FA3A20F8859F00CC7B1B /* notebook_cover_5@2x.png */ = {isa = PBXFileReference; lastKnownFileType = image.png; path = "notebook_cover_5@2x.png"; sourceTree = "<group>"; };
		BD70FA3B20F8859F00CC7B1B /* notebook_cover_4@2x.png */ = {isa = PBXFileReference; lastKnownFileType = image.png; path = "notebook_cover_4@2x.png"; sourceTree = "<group>"; };
		BD70FA3C20F8859F00CC7B1B /* notebook_cover_10@2x.png */ = {isa = PBXFileReference; lastKnownFileType = image.png; path = "notebook_cover_10@2x.png"; sourceTree = "<group>"; };
		BD70FA3D20F8859F00CC7B1B /* notebook_cover_7@2x.png */ = {isa = PBXFileReference; lastKnownFileType = image.png; path = "notebook_cover_7@2x.png"; sourceTree = "<group>"; };
		BD70FAA720F89FF300CC7B1B /* empty_book@2x.png */ = {isa = PBXFileReference; lastKnownFileType = image.png; path = "empty_book@2x.png"; sourceTree = "<group>"; };
		BD70FAA820F89FF300CC7B1B /* empty_book_fill@2x.png */ = {isa = PBXFileReference; lastKnownFileType = image.png; path = "empty_book_fill@2x.png"; sourceTree = "<group>"; };
		BD70FAA920F89FF400CC7B1B /* timer_2@2x.png */ = {isa = PBXFileReference; lastKnownFileType = image.png; path = "timer_2@2x.png"; sourceTree = "<group>"; };
		BD70FAAA20F89FF400CC7B1B /* undo_h@2x.png */ = {isa = PBXFileReference; lastKnownFileType = image.png; path = "undo_h@2x.png"; sourceTree = "<group>"; };
		BD70FAAB20F89FF400CC7B1B /* scanner_fill@2x.png */ = {isa = PBXFileReference; lastKnownFileType = image.png; path = "scanner_fill@2x.png"; sourceTree = "<group>"; };
		BD70FAAC20F89FF400CC7B1B /* screenshot_fill@2x.png */ = {isa = PBXFileReference; lastKnownFileType = image.png; path = "screenshot_fill@2x.png"; sourceTree = "<group>"; };
		BD70FAAD20F89FF400CC7B1B /* timer_4_h@2x.png */ = {isa = PBXFileReference; lastKnownFileType = image.png; path = "timer_4_h@2x.png"; sourceTree = "<group>"; };
		BD70FAAE20F89FF400CC7B1B /* timer_0_h@2x.png */ = {isa = PBXFileReference; lastKnownFileType = image.png; path = "timer_0_h@2x.png"; sourceTree = "<group>"; };
		BD70FAAF20F89FF400CC7B1B /* timer_3@2x.png */ = {isa = PBXFileReference; lastKnownFileType = image.png; path = "timer_3@2x.png"; sourceTree = "<group>"; };
		BD70FAB020F89FF500CC7B1B /* checkmark_h@2x.png */ = {isa = PBXFileReference; lastKnownFileType = image.png; path = "checkmark_h@2x.png"; sourceTree = "<group>"; };
		BD70FAB120F89FF500CC7B1B /* timer_4@2x.png */ = {isa = PBXFileReference; lastKnownFileType = image.png; path = "timer_4@2x.png"; sourceTree = "<group>"; };
		BD70FAB220F89FF500CC7B1B /* timer_5_h@2x.png */ = {isa = PBXFileReference; lastKnownFileType = image.png; path = "timer_5_h@2x.png"; sourceTree = "<group>"; };
		BD70FAB320F89FF500CC7B1B /* timer_5@2x.png */ = {isa = PBXFileReference; lastKnownFileType = image.png; path = "timer_5@2x.png"; sourceTree = "<group>"; };
		BD70FAB420F89FF500CC7B1B /* timer_1_h@2x.png */ = {isa = PBXFileReference; lastKnownFileType = image.png; path = "timer_1_h@2x.png"; sourceTree = "<group>"; };
		BD70FAB520F89FF600CC7B1B /* pdf@2x.png */ = {isa = PBXFileReference; lastKnownFileType = image.png; path = "pdf@2x.png"; sourceTree = "<group>"; };
		BD70FAB620F89FF600CC7B1B /* plus@2x.png */ = {isa = PBXFileReference; lastKnownFileType = image.png; path = "plus@2x.png"; sourceTree = "<group>"; };
		BD70FAB720F89FF600CC7B1B /* menu@2x.png */ = {isa = PBXFileReference; lastKnownFileType = image.png; path = "menu@2x.png"; sourceTree = "<group>"; };
		BD70FAB820F89FF700CC7B1B /* scanner@2x.png */ = {isa = PBXFileReference; lastKnownFileType = image.png; path = "scanner@2x.png"; sourceTree = "<group>"; };
		BD70FAB920F89FF700CC7B1B /* timer_2_h@2x.png */ = {isa = PBXFileReference; lastKnownFileType = image.png; path = "timer_2_h@2x.png"; sourceTree = "<group>"; };
		BD70FABA20F89FF800CC7B1B /* screenshot_fill_h@2x.png */ = {isa = PBXFileReference; lastKnownFileType = image.png; path = "screenshot_fill_h@2x.png"; sourceTree = "<group>"; };
		BD70FABB20F89FF800CC7B1B /* check_circle_off@2x.png */ = {isa = PBXFileReference; lastKnownFileType = image.png; path = "check_circle_off@2x.png"; sourceTree = "<group>"; };
		BD70FABC20F89FF800CC7B1B /* check_circle_on@2x.png */ = {isa = PBXFileReference; lastKnownFileType = image.png; path = "check_circle_on@2x.png"; sourceTree = "<group>"; };
		BD70FABD20F89FF900CC7B1B /* timer_0@2x.png */ = {isa = PBXFileReference; lastKnownFileType = image.png; path = "timer_0@2x.png"; sourceTree = "<group>"; };
		BD70FABE20F89FF900CC7B1B /* checkmark@2x.png */ = {isa = PBXFileReference; lastKnownFileType = image.png; path = "checkmark@2x.png"; sourceTree = "<group>"; };
		BD70FABF20F89FF900CC7B1B /* back@2x.png */ = {isa = PBXFileReference; lastKnownFileType = image.png; path = "back@2x.png"; sourceTree = "<group>"; };
		BD70FAC020F89FFA00CC7B1B /* screenshot_h@2x.png */ = {isa = PBXFileReference; lastKnownFileType = image.png; path = "screenshot_h@2x.png"; sourceTree = "<group>"; };
		BD70FAC120F89FFA00CC7B1B /* screenshot@2x.png */ = {isa = PBXFileReference; lastKnownFileType = image.png; path = "screenshot@2x.png"; sourceTree = "<group>"; };
		BD70FAC220F89FFB00CC7B1B /* timer_1@2x.png */ = {isa = PBXFileReference; lastKnownFileType = image.png; path = "timer_1@2x.png"; sourceTree = "<group>"; };
		BD70FAC320F89FFB00CC7B1B /* timer_3_h@2x.png */ = {isa = PBXFileReference; lastKnownFileType = image.png; path = "timer_3_h@2x.png"; sourceTree = "<group>"; };
		BD70FAC420F89FFB00CC7B1B /* undo@2x.png */ = {isa = PBXFileReference; lastKnownFileType = image.png; path = "undo@2x.png"; sourceTree = "<group>"; };
		BD70FAE320F8A0D100CC7B1B /* home@2x.png */ = {isa = PBXFileReference; lastKnownFileType = image.png; path = "home@2x.png"; sourceTree = "<group>"; };
		BD7730DD20F449FC00DAB1C4 /* BookCollectionViewCell.h */ = {isa = PBXFileReference; lastKnownFileType = sourcecode.c.h; path = BookCollectionViewCell.h; sourceTree = "<group>"; };
		BD7730DE20F449FC00DAB1C4 /* BookCollectionViewCell.m */ = {isa = PBXFileReference; lastKnownFileType = sourcecode.c.objc; path = BookCollectionViewCell.m; sourceTree = "<group>"; };
		BD7730DF20F449FC00DAB1C4 /* BookCollectionViewCell.xib */ = {isa = PBXFileReference; lastKnownFileType = file.xib; path = BookCollectionViewCell.xib; sourceTree = "<group>"; };
		BD7730E320F463A800DAB1C4 /* BookInfo.h */ = {isa = PBXFileReference; lastKnownFileType = sourcecode.c.h; path = BookInfo.h; sourceTree = "<group>"; };
		BD7730E420F463A800DAB1C4 /* BookInfo.m */ = {isa = PBXFileReference; lastKnownFileType = sourcecode.c.objc; path = BookInfo.m; sourceTree = "<group>"; };
		BD7730E820F47AA500DAB1C4 /* UIButtonEx.h */ = {isa = PBXFileReference; lastKnownFileType = sourcecode.c.h; path = UIButtonEx.h; sourceTree = "<group>"; };
		BD7730E920F47AA500DAB1C4 /* UIButtonEx.m */ = {isa = PBXFileReference; lastKnownFileType = sourcecode.c.objc; path = UIButtonEx.m; sourceTree = "<group>"; };
		BD77310920F4A2D800DAB1C4 /* CameraOverlayView.h */ = {isa = PBXFileReference; lastKnownFileType = sourcecode.c.h; path = CameraOverlayView.h; sourceTree = "<group>"; };
		BD77310A20F4A2D800DAB1C4 /* CameraOverlayView.m */ = {isa = PBXFileReference; lastKnownFileType = sourcecode.c.objc; path = CameraOverlayView.m; sourceTree = "<group>"; };
		BD77310C20F4A2E400DAB1C4 /* CameraOverlayView.xib */ = {isa = PBXFileReference; lastKnownFileType = file.xib; path = CameraOverlayView.xib; sourceTree = "<group>"; };
		BDA4076520EB696D00EC4791 /* ScanBook.app */ = {isa = PBXFileReference; explicitFileType = wrapper.application; includeInIndex = 0; path = ScanBook.app; sourceTree = BUILT_PRODUCTS_DIR; };
		BDA4076820EB696D00EC4791 /* ScanBookAppDelegate.h */ = {isa = PBXFileReference; lastKnownFileType = sourcecode.c.h; path = ScanBookAppDelegate.h; sourceTree = "<group>"; };
		BDA4076920EB696D00EC4791 /* ScanBookAppDelegate.m */ = {isa = PBXFileReference; lastKnownFileType = sourcecode.c.objc; path = ScanBookAppDelegate.m; sourceTree = "<group>"; };
		BDA4076F20EB696D00EC4791 /* Base */ = {isa = PBXFileReference; lastKnownFileType = file.storyboard; name = Base; path = Base.lproj/Main.storyboard; sourceTree = "<group>"; };
		BDA4077120EB696E00EC4791 /* Assets.xcassets */ = {isa = PBXFileReference; lastKnownFileType = folder.assetcatalog; path = Assets.xcassets; sourceTree = "<group>"; };
		BDA4077420EB696E00EC4791 /* Base */ = {isa = PBXFileReference; lastKnownFileType = file.storyboard; name = Base; path = Base.lproj/LaunchScreen.storyboard; sourceTree = "<group>"; };
		BDA4077620EB696E00EC4791 /* Info.plist */ = {isa = PBXFileReference; lastKnownFileType = text.plist.xml; path = Info.plist; sourceTree = "<group>"; };
		BDA4077720EB696E00EC4791 /* main.m */ = {isa = PBXFileReference; lastKnownFileType = sourcecode.c.objc; path = main.m; sourceTree = "<group>"; };
		BDA4078220EB747700EC4791 /* TutorialViewController.h */ = {isa = PBXFileReference; lastKnownFileType = sourcecode.c.h; path = TutorialViewController.h; sourceTree = "<group>"; };
		BDA4078320EB747700EC4791 /* TutorialViewController.m */ = {isa = PBXFileReference; lastKnownFileType = sourcecode.c.objc; path = TutorialViewController.m; sourceTree = "<group>"; };
		BDA4078620EB7BF300EC4791 /* Define.h */ = {isa = PBXFileReference; lastKnownFileType = sourcecode.c.h; path = Define.h; sourceTree = "<group>"; };
		BDA4078820EB7E4B00EC4791 /* ScanBook_Prefix.pch */ = {isa = PBXFileReference; lastKnownFileType = sourcecode.c.h; path = ScanBook_Prefix.pch; sourceTree = "<group>"; };
/* End PBXFileReference section */

/* Begin PBXFrameworksBuildPhase section */
		BDA4076220EB696D00EC4791 /* Frameworks */ = {
			isa = PBXFrameworksBuildPhase;
			buildActionMask = 2147483647;
			files = (
				0F8D40A827349924B0DD02C0 /* Pods_ScanBook.framework in Frameworks */,
			);
			runOnlyForDeploymentPostprocessing = 0;
		};
/* End PBXFrameworksBuildPhase section */

/* Begin PBXGroup section */
		3C5E86B329B08B8B66A3C4D4 /* Pods */ = {
			isa = PBXGroup;
			children = (
				37381EB5626586199313D97B /* Pods-ScanBook.debug.xcconfig */,
				8A0B189D4DDF414097916971 /* Pods-ScanBook.release.xcconfig */,
			);
			name = Pods;
			sourceTree = "<group>";
		};
		BD20D74420EC56D3000E36BF /* LeftSlider */ = {
			isa = PBXGroup;
			children = (
				BD20D74620EC570E000E36BF /* LeftViewController.h */,
				BD20D74720EC570E000E36BF /* LeftViewController.m */,
			);
			path = LeftSlider;
			sourceTree = "<group>";
		};
		BD20D74520EC56E3000E36BF /* RightSlider */ = {
			isa = PBXGroup;
			children = (
				BD20D74920EC571B000E36BF /* RightViewController.h */,
				BD20D74A20EC571B000E36BF /* RightViewController.m */,
			);
			path = RightSlider;
			sourceTree = "<group>";
		};
		BD20D76020ECBC0A000E36BF /* Main */ = {
			isa = PBXGroup;
			children = (
				BD20D73820EC5023000E36BF /* MainViewController.h */,
				BD20D73920EC5023000E36BF /* MainViewController.m */,
				BD5BBC6C20EE0BA600BCD973 /* MainNavigationController.h */,
				BD5BBC6D20EE0BA600BCD973 /* MainNavigationController.m */,
				BD20D73E20EC5316000E36BF /* RootNavigationController.h */,
				BD20D73F20EC5316000E36BF /* RootNavigationController.m */,
				BDA4076820EB696D00EC4791 /* ScanBookAppDelegate.h */,
				BDA4076920EB696D00EC4791 /* ScanBookAppDelegate.m */,
			);
			path = Main;
			sourceTree = "<group>";
		};
		BD5BCA9920F0A65600FEC7FB /* Tutorial */ = {
			isa = PBXGroup;
			children = (
				BDA4078220EB747700EC4791 /* TutorialViewController.h */,
				BDA4078320EB747700EC4791 /* TutorialViewController.m */,
			);
			name = Tutorial;
			sourceTree = "<group>";
		};
		BD5BCA9A20F0A66E00FEC7FB /* Banner */ = {
			isa = PBXGroup;
			children = (
				BD5BCA9520F0A5F600FEC7FB /* BannerViewController.h */,
				BD5BCA9620F0A5F600FEC7FB /* BannerViewController.m */,
			);
			path = Banner;
			sourceTree = "<group>";
		};
		BD70F9EC20F8854C00CC7B1B /* BookCover */ = {
			isa = PBXGroup;
			children = (
				BD70FA3820F8859E00CC7B1B /* notebook_cover_0@2x.png */,
				BD70FA3320F8859E00CC7B1B /* notebook_cover_1@2x.png */,
				BD70FA3220F8859E00CC7B1B /* notebook_cover_2@2x.png */,
				BD70FA3520F8859E00CC7B1B /* notebook_cover_3@2x.png */,
				BD70FA3B20F8859F00CC7B1B /* notebook_cover_4@2x.png */,
				BD70FA3A20F8859F00CC7B1B /* notebook_cover_5@2x.png */,
				BD70FA3420F8859E00CC7B1B /* notebook_cover_6@2x.png */,
				BD70FA3D20F8859F00CC7B1B /* notebook_cover_7@2x.png */,
				BD70FA3920F8859E00CC7B1B /* notebook_cover_8@2x.png */,
				BD70FA3720F8859E00CC7B1B /* notebook_cover_9@2x.png */,
				BD70FA3C20F8859F00CC7B1B /* notebook_cover_10@2x.png */,
				BD70FA3120F8859E00CC7B1B /* notebook_cover_11@2x.png */,
				BD70FA3620F8859E00CC7B1B /* notebook_cover_12@2x.png */,
			);
			path = BookCover;
			sourceTree = "<group>";
		};
		BD7730E220F4638C00DAB1C4 /* Models */ = {
			isa = PBXGroup;
			children = (
				BD7730E320F463A800DAB1C4 /* BookInfo.h */,
				BD7730E420F463A800DAB1C4 /* BookInfo.m */,
			);
			path = Models;
			sourceTree = "<group>";
		};
		BDA4075C20EB696D00EC4791 = {
			isa = PBXGroup;
			children = (
				BDA4076E20EB696D00EC4791 /* Main.storyboard */,
				BDA4076720EB696D00EC4791 /* ScanBook */,
				BDA4076620EB696D00EC4791 /* Products */,
				BDA4079020EB84AA00EC4791 /* Images */,
				3C5E86B329B08B8B66A3C4D4 /* Pods */,
				F1DC943659E5529E69FD3F0D /* Frameworks */,
			);
			sourceTree = "<group>";
		};
		BDA4076620EB696D00EC4791 /* Products */ = {
			isa = PBXGroup;
			children = (
				BDA4076520EB696D00EC4791 /* ScanBook.app */,
			);
			name = Products;
			sourceTree = "<group>";
		};
		BDA4076720EB696D00EC4791 /* ScanBook */ = {
			isa = PBXGroup;
			children = (
				BD7730E220F4638C00DAB1C4 /* Models */,
				BDA4078520EB7BDF00EC4791 /* Common */,
				BDA4078120EB745600EC4791 /* Utility */,
				BDA4077F20EB742000EC4791 /* Views */,
				BD20D74420EC56D3000E36BF /* LeftSlider */,
				BD20D74520EC56E3000E36BF /* RightSlider */,
				BDA4078020EB744500EC4791 /* Controllers */,
				BD20D76020ECBC0A000E36BF /* Main */,
				BDA4077120EB696E00EC4791 /* Assets.xcassets */,
				BDA4077320EB696E00EC4791 /* LaunchScreen.storyboard */,
				BDA4077620EB696E00EC4791 /* Info.plist */,
				BDA4077720EB696E00EC4791 /* main.m */,
			);
			path = ScanBook;
			sourceTree = "<group>";
		};
		BDA4077F20EB742000EC4791 /* Views */ = {
			isa = PBXGroup;
			children = (
				BD7730DD20F449FC00DAB1C4 /* BookCollectionViewCell.h */,
				BD7730DE20F449FC00DAB1C4 /* BookCollectionViewCell.m */,
				BD7730DF20F449FC00DAB1C4 /* BookCollectionViewCell.xib */,
				BD77310920F4A2D800DAB1C4 /* CameraOverlayView.h */,
				BD77310A20F4A2D800DAB1C4 /* CameraOverlayView.m */,
				BD77310C20F4A2E400DAB1C4 /* CameraOverlayView.xib */,
			);
			path = Views;
			sourceTree = "<group>";
		};
		BDA4078020EB744500EC4791 /* Controllers */ = {
			isa = PBXGroup;
			children = (
				BD5BCA9920F0A65600FEC7FB /* Tutorial */,
				BD5BCA9A20F0A66E00FEC7FB /* Banner */,
				BD20D74120EC542A000E36BF /* ScanBookViewController.h */,
				BD20D74220EC542A000E36BF /* ScanBookViewController.m */,
				BD20D76120ECBC3F000E36BF /* ScannerViewController.h */,
				BD20D76220ECBC3F000E36BF /* ScannerViewController.m */,
				BD70F9BF20F861F200CC7B1B /* ScanImagePickerController.h */,
				BD70F9C020F861F200CC7B1B /* ScanImagePickerController.m */,
			);
			path = Controllers;
			sourceTree = "<group>";
		};
		BDA4078120EB745600EC4791 /* Utility */ = {
			isa = PBXGroup;
			children = (
				BD20D75820ECA991000E36BF /* UIColor+Utility.h */,
				BD20D75920ECA991000E36BF /* UIColor+Utility.m */,
				BD20D75D20ECB7EF000E36BF /* UIImage+Utility.h */,
				BD20D75E20ECB7EF000E36BF /* UIImage+Utility.m */,
				BD5BCA9E20F0ABB000FEC7FB /* Utility.h */,
				BD5BCA9F20F0ABB000FEC7FB /* Utility.m */,
				BD7730E820F47AA500DAB1C4 /* UIButtonEx.h */,
				BD7730E920F47AA500DAB1C4 /* UIButtonEx.m */,
			);
			path = Utility;
			sourceTree = "<group>";
		};
		BDA4078520EB7BDF00EC4791 /* Common */ = {
			isa = PBXGroup;
			children = (
				BDA4078620EB7BF300EC4791 /* Define.h */,
				BDA4078820EB7E4B00EC4791 /* ScanBook_Prefix.pch */,
			);
			path = Common;
			sourceTree = "<group>";
		};
		BDA4079020EB84AA00EC4791 /* Images */ = {
			isa = PBXGroup;
			children = (
				BD70FAE320F8A0D100CC7B1B /* home@2x.png */,
				BD70FABF20F89FF900CC7B1B /* back@2x.png */,
				BD70F9EC20F8854C00CC7B1B /* BookCover */,
				BD70FABB20F89FF800CC7B1B /* check_circle_off@2x.png */,
				BD70FABC20F89FF800CC7B1B /* check_circle_on@2x.png */,
				BD70FAB020F89FF500CC7B1B /* checkmark_h@2x.png */,
				BD70FABE20F89FF900CC7B1B /* checkmark@2x.png */,
				BD70FAA820F89FF300CC7B1B /* empty_book_fill@2x.png */,
				BD70FAA720F89FF300CC7B1B /* empty_book@2x.png */,
				BD70FAB720F89FF600CC7B1B /* menu@2x.png */,
				BD70FAB520F89FF600CC7B1B /* pdf@2x.png */,
				BD70FAB620F89FF600CC7B1B /* plus@2x.png */,
				BD70FAAB20F89FF400CC7B1B /* scanner_fill@2x.png */,
				BD70FAB820F89FF700CC7B1B /* scanner@2x.png */,
				BD70FABA20F89FF800CC7B1B /* screenshot_fill_h@2x.png */,
				BD70FAAC20F89FF400CC7B1B /* screenshot_fill@2x.png */,
				BD70FAC020F89FFA00CC7B1B /* screenshot_h@2x.png */,
				BD70FAC120F89FFA00CC7B1B /* screenshot@2x.png */,
				BD70FAAE20F89FF400CC7B1B /* timer_0_h@2x.png */,
				BD70FABD20F89FF900CC7B1B /* timer_0@2x.png */,
				BD70FAB420F89FF500CC7B1B /* timer_1_h@2x.png */,
				BD70FAC220F89FFB00CC7B1B /* timer_1@2x.png */,
				BD70FAB920F89FF700CC7B1B /* timer_2_h@2x.png */,
				BD70FAA920F89FF400CC7B1B /* timer_2@2x.png */,
				BD70FAC320F89FFB00CC7B1B /* timer_3_h@2x.png */,
				BD70FAAF20F89FF400CC7B1B /* timer_3@2x.png */,
				BD70FAAD20F89FF400CC7B1B /* timer_4_h@2x.png */,
				BD70FAB120F89FF500CC7B1B /* timer_4@2x.png */,
				BD70FAB220F89FF500CC7B1B /* timer_5_h@2x.png */,
				BD70FAB320F89FF500CC7B1B /* timer_5@2x.png */,
				BD70FAAA20F89FF400CC7B1B /* undo_h@2x.png */,
				BD70FAC420F89FFB00CC7B1B /* undo@2x.png */,
			);
			path = Images;
			sourceTree = "<group>";
		};
		F1DC943659E5529E69FD3F0D /* Frameworks */ = {
			isa = PBXGroup;
			children = (
				127DE408B5E2A30B13B6A23A /* Pods_ScanBook.framework */,
			);
			name = Frameworks;
			sourceTree = "<group>";
		};
/* End PBXGroup section */

/* Begin PBXNativeTarget section */
		BDA4076420EB696D00EC4791 /* ScanBook */ = {
			isa = PBXNativeTarget;
			buildConfigurationList = BDA4077B20EB696E00EC4791 /* Build configuration list for PBXNativeTarget "ScanBook" */;
			buildPhases = (
				7585C81496C680E5A2E036D2 /* [CP] Check Pods Manifest.lock */,
				BDA4076120EB696D00EC4791 /* Sources */,
				BDA4076220EB696D00EC4791 /* Frameworks */,
				BDA4076320EB696D00EC4791 /* Resources */,
				7D6758808B74CA398BEE04C3 /* [CP] Embed Pods Frameworks */,
			);
			buildRules = (
			);
			dependencies = (
			);
			name = ScanBook;
			productName = ScanBook;
			productReference = BDA4076520EB696D00EC4791 /* ScanBook.app */;
			productType = "com.apple.product-type.application";
		};
/* End PBXNativeTarget section */

/* Begin PBXProject section */
		BDA4075D20EB696D00EC4791 /* Project object */ = {
			isa = PBXProject;
			attributes = {
				LastUpgradeCheck = 0940;
				ORGANIZATIONNAME = "학철";
				TargetAttributes = {
					BDA4076420EB696D00EC4791 = {
						CreatedOnToolsVersion = 9.4.1;
					};
				};
			};
			buildConfigurationList = BDA4076020EB696D00EC4791 /* Build configuration list for PBXProject "ScanBook" */;
			compatibilityVersion = "Xcode 9.3";
			developmentRegion = en;
			hasScannedForEncodings = 0;
			knownRegions = (
				en,
				Base,
			);
			mainGroup = BDA4075C20EB696D00EC4791;
			productRefGroup = BDA4076620EB696D00EC4791 /* Products */;
			projectDirPath = "";
			projectRoot = "";
			targets = (
				BDA4076420EB696D00EC4791 /* ScanBook */,
			);
		};
/* End PBXProject section */

/* Begin PBXResourcesBuildPhase section */
		BDA4076320EB696D00EC4791 /* Resources */ = {
			isa = PBXResourcesBuildPhase;
			buildActionMask = 2147483647;
			files = (
				BD70FAE020F89FFC00CC7B1B /* timer_1@2x.png in Resources */,
				BD70FAD120F89FFC00CC7B1B /* timer_5@2x.png in Resources */,
				BDA4077520EB696E00EC4791 /* LaunchScreen.storyboard in Resources */,
				BD70FA4720F8859F00CC7B1B /* notebook_cover_5@2x.png in Resources */,
				BD70FADB20F89FFC00CC7B1B /* timer_0@2x.png in Resources */,
				BDA4077220EB696E00EC4791 /* Assets.xcassets in Resources */,
				BD70FA4820F8859F00CC7B1B /* notebook_cover_4@2x.png in Resources */,
				BD70FAD320F89FFC00CC7B1B /* pdf@2x.png in Resources */,
				BD70FACA20F89FFC00CC7B1B /* screenshot_fill@2x.png in Resources */,
				BD70FA4020F8859F00CC7B1B /* notebook_cover_1@2x.png in Resources */,
				BD70FACD20F89FFC00CC7B1B /* timer_3@2x.png in Resources */,
				BD70FA4220F8859F00CC7B1B /* notebook_cover_3@2x.png in Resources */,
				BD70FA3F20F8859F00CC7B1B /* notebook_cover_2@2x.png in Resources */,
				BD70FACE20F89FFC00CC7B1B /* checkmark_h@2x.png in Resources */,
				BD70FA4420F8859F00CC7B1B /* notebook_cover_9@2x.png in Resources */,
				BD70FAE220F89FFC00CC7B1B /* undo@2x.png in Resources */,
				BD70FAD520F89FFC00CC7B1B /* menu@2x.png in Resources */,
				BD70FACF20F89FFC00CC7B1B /* timer_4@2x.png in Resources */,
				BD77310D20F4A2E400DAB1C4 /* CameraOverlayView.xib in Resources */,
				BD70FACB20F89FFC00CC7B1B /* timer_4_h@2x.png in Resources */,
				BD70FAC820F89FFC00CC7B1B /* undo_h@2x.png in Resources */,
				BD70FA4120F8859F00CC7B1B /* notebook_cover_6@2x.png in Resources */,
				BD70FAD020F89FFC00CC7B1B /* timer_5_h@2x.png in Resources */,
				BD70FA4A20F8859F00CC7B1B /* notebook_cover_7@2x.png in Resources */,
				BD70FAE120F89FFC00CC7B1B /* timer_3_h@2x.png in Resources */,
				BD70FAE420F8A0D200CC7B1B /* home@2x.png in Resources */,
				BD70FAC520F89FFC00CC7B1B /* empty_book@2x.png in Resources */,
				BD70FA3E20F8859F00CC7B1B /* notebook_cover_11@2x.png in Resources */,
				BD70FAD820F89FFC00CC7B1B /* screenshot_fill_h@2x.png in Resources */,
				BD70FAD620F89FFC00CC7B1B /* scanner@2x.png in Resources */,
				BD70FA4920F8859F00CC7B1B /* notebook_cover_10@2x.png in Resources */,
				BD70FADA20F89FFC00CC7B1B /* check_circle_on@2x.png in Resources */,
				BD70FA4620F8859F00CC7B1B /* notebook_cover_8@2x.png in Resources */,
				BD70FAC920F89FFC00CC7B1B /* scanner_fill@2x.png in Resources */,
				BD70FADE20F89FFC00CC7B1B /* screenshot_h@2x.png in Resources */,
				BD70FACC20F89FFC00CC7B1B /* timer_0_h@2x.png in Resources */,
				BD70FAD220F89FFC00CC7B1B /* timer_1_h@2x.png in Resources */,
				BD70FA4520F8859F00CC7B1B /* notebook_cover_0@2x.png in Resources */,
				BD70FADD20F89FFC00CC7B1B /* back@2x.png in Resources */,
				BD70FAD720F89FFC00CC7B1B /* timer_2_h@2x.png in Resources */,
				BD70FADF20F89FFC00CC7B1B /* screenshot@2x.png in Resources */,
				BD70FAC620F89FFC00CC7B1B /* empty_book_fill@2x.png in Resources */,
				BD70FA4320F8859F00CC7B1B /* notebook_cover_12@2x.png in Resources */,
				BD70FADC20F89FFC00CC7B1B /* checkmark@2x.png in Resources */,
				BDA4077020EB696D00EC4791 /* Main.storyboard in Resources */,
				BD70FAD420F89FFC00CC7B1B /* plus@2x.png in Resources */,
				BD70FAD920F89FFC00CC7B1B /* check_circle_off@2x.png in Resources */,
				BD7730E120F449FC00DAB1C4 /* BookCollectionViewCell.xib in Resources */,
				BD70FAC720F89FFC00CC7B1B /* timer_2@2x.png in Resources */,
			);
			runOnlyForDeploymentPostprocessing = 0;
		};
/* End PBXResourcesBuildPhase section */

/* Begin PBXShellScriptBuildPhase section */
		7585C81496C680E5A2E036D2 /* [CP] Check Pods Manifest.lock */ = {
			isa = PBXShellScriptBuildPhase;
			buildActionMask = 2147483647;
			files = (
			);
			inputPaths = (
				"${PODS_PODFILE_DIR_PATH}/Podfile.lock",
				"${PODS_ROOT}/Manifest.lock",
			);
			name = "[CP] Check Pods Manifest.lock";
			outputPaths = (
				"$(DERIVED_FILE_DIR)/Pods-ScanBook-checkManifestLockResult.txt",
			);
			runOnlyForDeploymentPostprocessing = 0;
			shellPath = /bin/sh;
			shellScript = "diff \"${PODS_PODFILE_DIR_PATH}/Podfile.lock\" \"${PODS_ROOT}/Manifest.lock\" > /dev/null\nif [ $? != 0 ] ; then\n    # print error to STDERR\n    echo \"error: The sandbox is not in sync with the Podfile.lock. Run 'pod install' or update your CocoaPods installation.\" >&2\n    exit 1\nfi\n# This output is used by Xcode 'outputs' to avoid re-running this script phase.\necho \"SUCCESS\" > \"${SCRIPT_OUTPUT_FILE_0}\"\n";
			showEnvVarsInLog = 0;
		};
		7D6758808B74CA398BEE04C3 /* [CP] Embed Pods Frameworks */ = {
			isa = PBXShellScriptBuildPhase;
			buildActionMask = 2147483647;
			files = (
			);
			inputPaths = (
				"${SRCROOT}/Pods/Target Support Files/Pods-ScanBook/Pods-ScanBook-frameworks.sh",
				"${BUILT_PRODUCTS_DIR}/LGSideMenuController/LGSideMenuController.framework",
			);
			name = "[CP] Embed Pods Frameworks";
			outputPaths = (
				"${TARGET_BUILD_DIR}/${FRAMEWORKS_FOLDER_PATH}/LGSideMenuController.framework",
			);
			runOnlyForDeploymentPostprocessing = 0;
			shellPath = /bin/sh;
			shellScript = "\"${SRCROOT}/Pods/Target Support Files/Pods-ScanBook/Pods-ScanBook-frameworks.sh\"\n";
			showEnvVarsInLog = 0;
		};
/* End PBXShellScriptBuildPhase section */

/* Begin PBXSourcesBuildPhase section */
		BDA4076120EB696D00EC4791 /* Sources */ = {
			isa = PBXSourcesBuildPhase;
			buildActionMask = 2147483647;
			files = (
				BD20D74820EC570E000E36BF /* LeftViewController.m in Sources */,
				BD20D74320EC542A000E36BF /* ScanBookViewController.m in Sources */,
				BD5BBC6E20EE0BA600BCD973 /* MainNavigationController.m in Sources */,
				BD20D75F20ECB7EF000E36BF /* UIImage+Utility.m in Sources */,
				BD70F9C120F861F200CC7B1B /* ScanImagePickerController.m in Sources */,
				BDA4077820EB696E00EC4791 /* main.m in Sources */,
				BD7730E020F449FC00DAB1C4 /* BookCollectionViewCell.m in Sources */,
				BDA4076A20EB696D00EC4791 /* ScanBookAppDelegate.m in Sources */,
				BD5BCA9720F0A5F600FEC7FB /* BannerViewController.m in Sources */,
				BD5BCAA020F0ABB000FEC7FB /* Utility.m in Sources */,
				BDA4078420EB747700EC4791 /* TutorialViewController.m in Sources */,
				BD77310B20F4A2D800DAB1C4 /* CameraOverlayView.m in Sources */,
				BD20D74020EC5316000E36BF /* RootNavigationController.m in Sources */,
				BD20D74B20EC571B000E36BF /* RightViewController.m in Sources */,
				BD7730E520F463A800DAB1C4 /* BookInfo.m in Sources */,
				BD20D75A20ECA991000E36BF /* UIColor+Utility.m in Sources */,
				BD7730EA20F47AA500DAB1C4 /* UIButtonEx.m in Sources */,
				BD20D76320ECBC3F000E36BF /* ScannerViewController.m in Sources */,
				BD20D73A20EC5023000E36BF /* MainViewController.m in Sources */,
			);
			runOnlyForDeploymentPostprocessing = 0;
		};
/* End PBXSourcesBuildPhase section */

/* Begin PBXVariantGroup section */
		BDA4076E20EB696D00EC4791 /* Main.storyboard */ = {
			isa = PBXVariantGroup;
			children = (
				BDA4076F20EB696D00EC4791 /* Base */,
			);
			name = Main.storyboard;
			sourceTree = "<group>";
		};
		BDA4077320EB696E00EC4791 /* LaunchScreen.storyboard */ = {
			isa = PBXVariantGroup;
			children = (
				BDA4077420EB696E00EC4791 /* Base */,
			);
			name = LaunchScreen.storyboard;
			sourceTree = "<group>";
		};
/* End PBXVariantGroup section */

/* Begin XCBuildConfiguration section */
		BDA4077920EB696E00EC4791 /* Debug */ = {
			isa = XCBuildConfiguration;
			buildSettings = {
				ALWAYS_SEARCH_USER_PATHS = NO;
				CLANG_ANALYZER_NONNULL = YES;
				CLANG_ANALYZER_NUMBER_OBJECT_CONVERSION = YES_AGGRESSIVE;
				CLANG_CXX_LANGUAGE_STANDARD = "gnu++14";
				CLANG_CXX_LIBRARY = "libc++";
				CLANG_ENABLE_MODULES = YES;
				CLANG_ENABLE_OBJC_ARC = YES;
				CLANG_ENABLE_OBJC_WEAK = YES;
				CLANG_WARN_BLOCK_CAPTURE_AUTORELEASING = YES;
				CLANG_WARN_BOOL_CONVERSION = YES;
				CLANG_WARN_COMMA = YES;
				CLANG_WARN_CONSTANT_CONVERSION = YES;
				CLANG_WARN_DEPRECATED_OBJC_IMPLEMENTATIONS = YES;
				CLANG_WARN_DIRECT_OBJC_ISA_USAGE = YES_ERROR;
				CLANG_WARN_DOCUMENTATION_COMMENTS = YES;
				CLANG_WARN_EMPTY_BODY = YES;
				CLANG_WARN_ENUM_CONVERSION = YES;
				CLANG_WARN_INFINITE_RECURSION = YES;
				CLANG_WARN_INT_CONVERSION = YES;
				CLANG_WARN_NON_LITERAL_NULL_CONVERSION = YES;
				CLANG_WARN_OBJC_IMPLICIT_RETAIN_SELF = YES;
				CLANG_WARN_OBJC_LITERAL_CONVERSION = YES;
				CLANG_WARN_OBJC_ROOT_CLASS = YES_ERROR;
				CLANG_WARN_RANGE_LOOP_ANALYSIS = YES;
				CLANG_WARN_STRICT_PROTOTYPES = YES;
				CLANG_WARN_SUSPICIOUS_MOVE = YES;
				CLANG_WARN_UNGUARDED_AVAILABILITY = YES_AGGRESSIVE;
				CLANG_WARN_UNREACHABLE_CODE = YES;
				CLANG_WARN__DUPLICATE_METHOD_MATCH = YES;
				CODE_SIGN_IDENTITY = "iPhone Developer";
				COPY_PHASE_STRIP = NO;
				DEBUG_INFORMATION_FORMAT = dwarf;
				ENABLE_STRICT_OBJC_MSGSEND = YES;
				ENABLE_TESTABILITY = YES;
				GCC_C_LANGUAGE_STANDARD = gnu11;
				GCC_DYNAMIC_NO_PIC = NO;
				GCC_NO_COMMON_BLOCKS = YES;
				GCC_OPTIMIZATION_LEVEL = 0;
				GCC_PREPROCESSOR_DEFINITIONS = (
					"DEBUG=1",
					"$(inherited)",
				);
				GCC_WARN_64_TO_32_BIT_CONVERSION = YES;
				GCC_WARN_ABOUT_RETURN_TYPE = YES_ERROR;
				GCC_WARN_UNDECLARED_SELECTOR = YES;
				GCC_WARN_UNINITIALIZED_AUTOS = YES_AGGRESSIVE;
				GCC_WARN_UNUSED_FUNCTION = YES;
				GCC_WARN_UNUSED_VARIABLE = YES;
				IPHONEOS_DEPLOYMENT_TARGET = 11.4;
				MTL_ENABLE_DEBUG_INFO = YES;
				ONLY_ACTIVE_ARCH = YES;
				SDKROOT = iphoneos;
			};
			name = Debug;
		};
		BDA4077A20EB696E00EC4791 /* Release */ = {
			isa = XCBuildConfiguration;
			buildSettings = {
				ALWAYS_SEARCH_USER_PATHS = NO;
				CLANG_ANALYZER_NONNULL = YES;
				CLANG_ANALYZER_NUMBER_OBJECT_CONVERSION = YES_AGGRESSIVE;
				CLANG_CXX_LANGUAGE_STANDARD = "gnu++14";
				CLANG_CXX_LIBRARY = "libc++";
				CLANG_ENABLE_MODULES = YES;
				CLANG_ENABLE_OBJC_ARC = YES;
				CLANG_ENABLE_OBJC_WEAK = YES;
				CLANG_WARN_BLOCK_CAPTURE_AUTORELEASING = YES;
				CLANG_WARN_BOOL_CONVERSION = YES;
				CLANG_WARN_COMMA = YES;
				CLANG_WARN_CONSTANT_CONVERSION = YES;
				CLANG_WARN_DEPRECATED_OBJC_IMPLEMENTATIONS = YES;
				CLANG_WARN_DIRECT_OBJC_ISA_USAGE = YES_ERROR;
				CLANG_WARN_DOCUMENTATION_COMMENTS = YES;
				CLANG_WARN_EMPTY_BODY = YES;
				CLANG_WARN_ENUM_CONVERSION = YES;
				CLANG_WARN_INFINITE_RECURSION = YES;
				CLANG_WARN_INT_CONVERSION = YES;
				CLANG_WARN_NON_LITERAL_NULL_CONVERSION = YES;
				CLANG_WARN_OBJC_IMPLICIT_RETAIN_SELF = YES;
				CLANG_WARN_OBJC_LITERAL_CONVERSION = YES;
				CLANG_WARN_OBJC_ROOT_CLASS = YES_ERROR;
				CLANG_WARN_RANGE_LOOP_ANALYSIS = YES;
				CLANG_WARN_STRICT_PROTOTYPES = YES;
				CLANG_WARN_SUSPICIOUS_MOVE = YES;
				CLANG_WARN_UNGUARDED_AVAILABILITY = YES_AGGRESSIVE;
				CLANG_WARN_UNREACHABLE_CODE = YES;
				CLANG_WARN__DUPLICATE_METHOD_MATCH = YES;
				CODE_SIGN_IDENTITY = "iPhone Developer";
				COPY_PHASE_STRIP = NO;
				DEBUG_INFORMATION_FORMAT = "dwarf-with-dsym";
				ENABLE_NS_ASSERTIONS = NO;
				ENABLE_STRICT_OBJC_MSGSEND = YES;
				GCC_C_LANGUAGE_STANDARD = gnu11;
				GCC_NO_COMMON_BLOCKS = YES;
				GCC_WARN_64_TO_32_BIT_CONVERSION = YES;
				GCC_WARN_ABOUT_RETURN_TYPE = YES_ERROR;
				GCC_WARN_UNDECLARED_SELECTOR = YES;
				GCC_WARN_UNINITIALIZED_AUTOS = YES_AGGRESSIVE;
				GCC_WARN_UNUSED_FUNCTION = YES;
				GCC_WARN_UNUSED_VARIABLE = YES;
				IPHONEOS_DEPLOYMENT_TARGET = 11.4;
				MTL_ENABLE_DEBUG_INFO = NO;
				SDKROOT = iphoneos;
				VALIDATE_PRODUCT = YES;
			};
			name = Release;
		};
		BDA4077C20EB696E00EC4791 /* Debug */ = {
			isa = XCBuildConfiguration;
			baseConfigurationReference = 37381EB5626586199313D97B /* Pods-ScanBook.debug.xcconfig */;
			buildSettings = {
				ASSETCATALOG_COMPILER_APPICON_NAME = AppIcon;
				CODE_SIGN_STYLE = Automatic;
				DEVELOPMENT_TEAM = T7J75M9H3W;
				GCC_PREFIX_HEADER = ScanBook/Common/ScanBook_Prefix.pch;
				INFOPLIST_FILE = ScanBook/Info.plist;
				IPHONEOS_DEPLOYMENT_TARGET = 11.0;
				LD_RUNPATH_SEARCH_PATHS = (
					"$(inherited)",
					"@executable_path/Frameworks",
				);
				PRODUCT_BUNDLE_IDENTIFIER = kr.co.arirangtelecom.ScanBook;
				PRODUCT_NAME = "$(TARGET_NAME)";
				TARGETED_DEVICE_FAMILY = "1,2";
			};
			name = Debug;
		};
		BDA4077D20EB696E00EC4791 /* Release */ = {
			isa = XCBuildConfiguration;
			baseConfigurationReference = 8A0B189D4DDF414097916971 /* Pods-ScanBook.release.xcconfig */;
			buildSettings = {
				ASSETCATALOG_COMPILER_APPICON_NAME = AppIcon;
				CODE_SIGN_STYLE = Automatic;
				DEVELOPMENT_TEAM = T7J75M9H3W;
				GCC_PREFIX_HEADER = ScanBook/Common/ScanBook_Prefix.pch;
				INFOPLIST_FILE = ScanBook/Info.plist;
				IPHONEOS_DEPLOYMENT_TARGET = 11.0;
				LD_RUNPATH_SEARCH_PATHS = (
					"$(inherited)",
					"@executable_path/Frameworks",
				);
				PRODUCT_BUNDLE_IDENTIFIER = kr.co.arirangtelecom.ScanBook;
				PRODUCT_NAME = "$(TARGET_NAME)";
				TARGETED_DEVICE_FAMILY = "1,2";
			};
			name = Release;
		};
/* End XCBuildConfiguration section */

/* Begin XCConfigurationList section */
		BDA4076020EB696D00EC4791 /* Build configuration list for PBXProject "ScanBook" */ = {
			isa = XCConfigurationList;
			buildConfigurations = (
				BDA4077920EB696E00EC4791 /* Debug */,
				BDA4077A20EB696E00EC4791 /* Release */,
			);
			defaultConfigurationIsVisible = 0;
			defaultConfigurationName = Release;
		};
		BDA4077B20EB696E00EC4791 /* Build configuration list for PBXNativeTarget "ScanBook" */ = {
			isa = XCConfigurationList;
			buildConfigurations = (
				BDA4077C20EB696E00EC4791 /* Debug */,
				BDA4077D20EB696E00EC4791 /* Release */,
			);
			defaultConfigurationIsVisible = 0;
			defaultConfigurationName = Release;
		};
/* End XCConfigurationList section */
	};
	rootObject = BDA4075D20EB696D00EC4791 /* Project object */;
}
